
Microsoft Visual Studio Solution File, Format Version 12.00
Project("{2150E333-8FDC-42A3-9474-1A3956D46DE8}") = "src", "src", "{A0FE69C9-B664-4FFF-A295-27086C120F73}"
	ProjectSection(SolutionItems) = preProject
		README.md = README.md
	EndProjectSection
EndProject
Project("{2150E333-8FDC-42A3-9474-1A3956D46DE8}") = "tests", "tests", "{7B6345DD-5A2B-4721-9CD0-F9656E965732}"
EndProject
Project("{FAE04EC0-301F-11D3-BF4B-00C04F79EFBC}") = "Drones.DAL", "Drones.DAL\Drones.DAL.csproj", "{63E04D5D-4B02-4B9E-8C59-8C53ED648806}"
EndProject
Project("{FAE04EC0-301F-11D3-BF4B-00C04F79EFBC}") = "Drones.Services", "Drones.Services\Drones.Services.csproj", "{481A31EB-3F48-4561-B24B-C7D3DC8B59BF}"
EndProject
Project("{FAE04EC0-301F-11D3-BF4B-00C04F79EFBC}") = "Drones.API", "Drones.API\Drones.API.csproj", "{AB148EC3-ED17-4532-87A6-22AE335DD156}"
EndProject
Project("{FAE04EC0-301F-11D3-BF4B-00C04F79EFBC}") = "Drones.Migrations", "Drones.Migrations\Drones.Migrations.csproj", "{CD2B8F1E-D88A-4265-9421-58BAEFC6AAC4}"
EndProject
Project("{FAE04EC0-301F-11D3-BF4B-00C04F79EFBC}") = "Drones.API.Test", "Drones.API.Test\Drones.API.Test.csproj", "{75882976-2393-454B-B7FF-83AE1B11D53D}"
EndProject
Project("{FAE04EC0-301F-11D3-BF4B-00C04F79EFBC}") = "Drones.DAL.Test", "Drones.DAL.Test\Drones.DAL.Test.csproj", "{3EDA8EC3-24B9-49D1-B5B4-7FE1631D614E}"
EndProject
Project("{2150E333-8FDC-42A3-9474-1A3956D46DE8}") = "Solution Items", "Solution Items", "{15D4F773-80A8-4801-9EA8-AA603D33C9AE}"
EndProject
Global
	GlobalSection(SolutionConfigurationPlatforms) = preSolution
		Debug|Any CPU = Debug|Any CPU
		Release|Any CPU = Release|Any CPU
	EndGlobalSection
	GlobalSection(ProjectConfigurationPlatforms) = postSolution
		{63E04D5D-4B02-4B9E-8C59-8C53ED648806}.Debug|Any CPU.ActiveCfg = Debug|Any CPU
		{63E04D5D-4B02-4B9E-8C59-8C53ED648806}.Debug|Any CPU.Build.0 = Debug|Any CPU
		{63E04D5D-4B02-4B9E-8C59-8C53ED648806}.Release|Any CPU.ActiveCfg = Release|Any CPU
		{63E04D5D-4B02-4B9E-8C59-8C53ED648806}.Release|Any CPU.Build.0 = Release|Any CPU
		{481A31EB-3F48-4561-B24B-C7D3DC8B59BF}.Debug|Any CPU.ActiveCfg = Debug|Any CPU
		{481A31EB-3F48-4561-B24B-C7D3DC8B59BF}.Debug|Any CPU.Build.0 = Debug|Any CPU
		{481A31EB-3F48-4561-B24B-C7D3DC8B59BF}.Release|Any CPU.ActiveCfg = Release|Any CPU
		{481A31EB-3F48-4561-B24B-C7D3DC8B59BF}.Release|Any CPU.Build.0 = Release|Any CPU
		{AB148EC3-ED17-4532-87A6-22AE335DD156}.Debug|Any CPU.ActiveCfg = Debug|Any CPU
		{AB148EC3-ED17-4532-87A6-22AE335DD156}.Debug|Any CPU.Build.0 = Debug|Any CPU
		{AB148EC3-ED17-4532-87A6-22AE335DD156}.Release|Any CPU.ActiveCfg = Release|Any CPU
		{AB148EC3-ED17-4532-87A6-22AE335DD156}.Release|Any CPU.Build.0 = Release|Any CPU
		{CD2B8F1E-D88A-4265-9421-58BAEFC6AAC4}.Debug|Any CPU.ActiveCfg = Debug|Any CPU
		{CD2B8F1E-D88A-4265-9421-58BAEFC6AAC4}.Debug|Any CPU.Build.0 = Debug|Any CPU
		{CD2B8F1E-D88A-4265-9421-58BAEFC6AAC4}.Release|Any CPU.ActiveCfg = Release|Any CPU
		{CD2B8F1E-D88A-4265-9421-58BAEFC6AAC4}.Release|Any CPU.Build.0 = Release|Any CPU
		{75882976-2393-454B-B7FF-83AE1B11D53D}.Debug|Any CPU.ActiveCfg = Debug|Any CPU
		{75882976-2393-454B-B7FF-83AE1B11D53D}.Debug|Any CPU.Build.0 = Debug|Any CPU
		{75882976-2393-454B-B7FF-83AE1B11D53D}.Release|Any CPU.ActiveCfg = Release|Any CPU
		{75882976-2393-454B-B7FF-83AE1B11D53D}.Release|Any CPU.Build.0 = Release|Any CPU
		{3EDA8EC3-24B9-49D1-B5B4-7FE1631D614E}.Debug|Any CPU.ActiveCfg = Debug|Any CPU
		{3EDA8EC3-24B9-49D1-B5B4-7FE1631D614E}.Debug|Any CPU.Build.0 = Debug|Any CPU
		{3EDA8EC3-24B9-49D1-B5B4-7FE1631D614E}.Release|Any CPU.ActiveCfg = Release|Any CPU
		{3EDA8EC3-24B9-49D1-B5B4-7FE1631D614E}.Release|Any CPU.Build.0 = Release|Any CPU
	EndGlobalSection
	GlobalSection(NestedProjects) = preSolution
		{63E04D5D-4B02-4B9E-8C59-8C53ED648806} = {A0FE69C9-B664-4FFF-A295-27086C120F73}
		{481A31EB-3F48-4561-B24B-C7D3DC8B59BF} = {A0FE69C9-B664-4FFF-A295-27086C120F73}
		{AB148EC3-ED17-4532-87A6-22AE335DD156} = {A0FE69C9-B664-4FFF-A295-27086C120F73}
		{CD2B8F1E-D88A-4265-9421-58BAEFC6AAC4} = {A0FE69C9-B664-4FFF-A295-27086C120F73}
		{75882976-2393-454B-B7FF-83AE1B11D53D} = {7B6345DD-5A2B-4721-9CD0-F9656E965732}
		{3EDA8EC3-24B9-49D1-B5B4-7FE1631D614E} = {7B6345DD-5A2B-4721-9CD0-F9656E965732}
	EndGlobalSection
EndGlobal
